
Microsoft Visual Studio Solution File, Format Version 12.00
# Visual Studio Version 16
VisualStudioVersion = 16.0.30413.136
MinimumVisualStudioVersion = 10.0.40219.1
Project("{FAE04EC0-301F-11D3-BF4B-00C04F79EFBC}") = "soihd", "soihd\soihd.csproj", "{C01AF187-61C2-4C74-BCB0-269CA4955935}"
EndProject
Global
	GlobalSection(SolutionConfigurationPlatforms) = preSolution
		Debug|Any CPU = Debug|Any CPU
		Release|Any CPU = Release|Any CPU
	EndGlobalSection
	GlobalSection(ProjectConfigurationPlatforms) = postSolution
		{C01AF187-61C2-4C74-BCB0-269CA4955935}.Debug|Any CPU.ActiveCfg = Debug|Any CPU
		{C01AF187-61C2-4C74-BCB0-269CA4955935}.Debug|Any CPU.Build.0 = Debug|Any CPU
		{C01AF187-61C2-4C74-BCB0-269CA4955935}.Release|Any CPU.ActiveCfg = Release|Any CPU
		{C01AF187-61C2-4C74-BCB0-269CA4955935}.Release|Any CPU.Build.0 = Release|Any CPU
	EndGlobalSection
	GlobalSection(SolutionProperties) = preSolution
		HideSolutionNode = FALSE
	EndGlobalSection
	GlobalSection(ExtensibilityGlobals) = postSolution
		SolutionGuid = {2390C905-3D63-460B-89E5-2622CB2A2BCD}
	EndGlobalSection
EndGlobal
